{
  "name": "openfdd-cursor-chat-relay",
  "version": "0.1.0",
  "lockfileVersion": 3,
  "requires": true,
  "packages": {
    "": {
      "name": "openfdd-cursor-chat-relay",
      "version": "0.1.0",
      "dependencies": {
        "@cursor/sdk": "^1.0.0"
      },
      "engines": {
        "node": ">=20"
      }
    },
    "node_modules/@bufbuild/protobuf": {
      "version": "1.10.0",
      "resolved": "https://registry.npmjs.org/@bufbuild/protobuf/-/protobuf-1.10.0.tgz",
      "integrity": "sha512-QDdVFLoN93Zjg36NoQPZfsVH9tZew7wKDKyV5qRdj8ntT4wQCOradQjRaTdwMhWUYsgKsvCINKKm87FdEk96Ag==",
      "license": "(Apache-2.0 AND BSD-3-Clause)"
    },
    "node_modules/@connectrpc/connect": {
      "version": "1.7.0",
      "resolved": "https://registry.npmjs.org/@connectrpc/connect/-/connect-1.7.0.tgz",
      "integrity": "sha512-iNKdJRi69YP3mq6AePRT8F/HrxWCewrhxnLMNm0vpqXAR8biwzRtO6Hjx80C6UvtKJ5sFmffQT7I4Baecz389w==",
      "license": "Apache-2.0",
      "peerDependencies": {
        "@bufbuild/protobuf": "^1.10.0"
      }
    },
    "node_modules/@connectrpc/connect-node": {
      "version": "1.7.0",
      "resolved": "https://registry.npmjs.org/@connectrpc/connect-node/-/connect-node-1.7.0.tgz",
      "integrity": "sha512-6vaPIkG/NyhxlYgytLoR9KYbPhczEboFB2OYWkA9qvUz1K7efXfeGrlRxoLtpa+r8VxyIOw73w5ktNe743nD+A==",
      "license": "Apache-2.0",
      "dependencies": {
        "undici": "^5.28.4"
      },
      "engines": {
        "node": ">=16.0.0"
      },
      "peerDependencies": {
        "@bufbuild/protobuf": "^1.10.0",
        "@connectrpc/connect": "1.7.0"
      }
    },
    "node_modules/@connectrpc/connect-web": {
      "version": "1.7.0",
      "resolved": "https://registry.npmjs.org/@connectrpc/connect-web/-/connect-web-1.7.0.tgz",
      "integrity": "sha512-qyP0YOnUPRWwCc/VfsoydMJvkb7EyUPr2q9sHgBuJzbADjiqck1gKH5V5ZPzPhTLBvmz5UvG+wiZ5sMRQHU1MQ==",
      "license": "Apache-2.0",
      "peerDependencies": {
        "@bufbuild/protobuf": "^1.10.0",
        "@connectrpc/connect": "1.7.0"
      }
    },
    "node_modules/@cursor/sdk": {
      "version": "1.0.22",
      "resolved": "https://registry.npmjs.org/@cursor/sdk/-/sdk-1.0.22.tgz",
      "integrity": "sha512-xn99xoMvq/JwIXmWrpmEGMSY88zPr6dgxGSZYv3m9PytOBrawkwx9CHKosXs8m3ihVcQ+Wrt+TaEIUsgSNc5YA==",
      "license": "SEE LICENSE IN LICENSE.md",
      "dependencies": {
        "@bufbuild/protobuf": "1.10.0",
        "@connectrpc/connect": "^1.6.1",
        "@connectrpc/connect-node": "^1.6.1",
        "@connectrpc/connect-web": "^1.6.1",
        "@statsig/js-client": "3.31.0",
        "zod": "^3.25.0"
      },
      "engines": {
        "node": ">=22.13"
      },
      "optionalDependencies": {
        "@cursor/sdk-darwin-arm64": "1.0.22",
        "@cursor/sdk-darwin-x64": "1.0.22",
        "@cursor/sdk-linux-arm64": "1.0.22",
        "@cursor/sdk-linux-x64": "1.0.22",
        "@cursor/sdk-win32-x64": "1.0.22"
      }
    },
    "node_modules/@cursor/sdk-linux-x64": {
      "version": "1.0.22",
      "resolved": "https://registry.npmjs.org/@cursor/sdk-linux-x64/-/sdk-linux-x64-1.0.22.tgz",
      "integrity": "sha512-tmX1kH/pyxhv0dQaJIcCQbdouLrPbKvv8iuALwMzh42piCI51q5pdRzUaWUUtH8VMdFjwZdVsDfumuSwqTlAIA==",
      "cpu": [
        "x64"
      ],
      "license": "SEE LICENSE IN LICENSE.md",
      "optional": true,
      "os": [
        "linux"
      ],
      "bin": {
        "rg": "bin/rg"
      }
    },
    "node_modules/@statsig/client-core": {
      "version": "3.31.0",
      "resolved": "https://registry.npmjs.org/@statsig/client-core/-/client-core-3.31.0.tgz",
      "integrity": "sha512-SuxQD6TmVszPG7FoMKwTk/uyBuVFk7XnxI3T/E0uyb7PL7GNjONtfsoh+NqBBVUJVse0CUeSFfgJPoZy1ZOslQ==",
      "license": "ISC"
    },
    "node_modules/@statsig/js-client": {
      "version": "3.31.0",
      "resolved": "https://registry.npmjs.org/@statsig/js-client/-/js-client-3.31.0.tgz",
      "integrity": "sha512-LFa5E0LjT6sTfZv3sNGoyRLSZ1078+agdgOA+Vm1ecjG+KbSOfBLTW7hMwimrJ29slRwbYDzbtKaPJo/R37N2g==",
      "license": "ISC",
      "dependencies": {
        "@statsig/client-core": "3.31.0"
      }
    },
    "node_modules/undici": {
      "version": "7.28.0",
      "resolved": "https://registry.npmjs.org/undici/-/undici-7.28.0.tgz",
      "integrity": "sha512-cRZYrTDwWznlnRiPjggAGxZXanty6M8RV1ff8Wm4LWXBp7/IG8v5DnOm74DtUBp9OONpK75YlPnIjQqX0dBDtA==",
      "license": "MIT",
      "engines": {
        "node": ">=20.18.1"
      }
    },
    "node_modules/zod": {
      "version": "3.25.76",
      "resolved": "https://registry.npmjs.org/zod/-/zod-3.25.76.tgz",
      "integrity": "sha512-gzUt/qt81nXsFGKIFcC3YnfEAx5NkunCfnDlvuBSSFS02bcXu4Lmea0AFIUwbLWxWPx3d9p8S5QoaujKcNQxcQ==",
      "license": "MIT",
      "funding": {
        "url": "https://github.com/sponsors/colinhacks"
      }
    }
  }
}
